{
  "requires": true,
  "lockfileVersion": 1,
  "dependencies": {
    "oracledb": {
      "version": "4.0.1",
      "resolved": "https://registry.npmjs.org/oracledb/-/oracledb-4.0.1.tgz",
      "integrity": "sha512-IHgPS7+7kLHDEGP/L8o3Kh+rSyV6FArX1ob4xcOMc6hWt4EJVSVbHpPIpChGMOgb91x33AAb+kW9lVkqQIwRsg=="
    }
  }
}
